
Microsoft Visual Studio Solution File, Format Version 12.00
# Visual Studio Version 16
VisualStudioVersion = 16.0.31702.278
MinimumVisualStudioVersion = 10.0.40219.1
Project("{FAE04EC0-301F-11D3-BF4B-00C04F79EFBC}") = "lekcija4", "lekcija4\lekcija4.csproj", "{66AE3A4F-C4F5-4973-8205-9DBA6B7B3C35}"
EndProject
Global
	GlobalSection(SolutionConfigurationPlatforms) = preSolution
		Debug|Any CPU = Debug|Any CPU
		Release|Any CPU = Release|Any CPU
	EndGlobalSection
	GlobalSection(ProjectConfigurationPlatforms) = postSolution
		{66AE3A4F-C4F5-4973-8205-9DBA6B7B3C35}.Debug|Any CPU.ActiveCfg = Debug|Any CPU
		{66AE3A4F-C4F5-4973-8205-9DBA6B7B3C35}.Debug|Any CPU.Build.0 = Debug|Any CPU
		{66AE3A4F-C4F5-4973-8205-9DBA6B7B3C35}.Release|Any CPU.ActiveCfg = Release|Any CPU
		{66AE3A4F-C4F5-4973-8205-9DBA6B7B3C35}.Release|Any CPU.Build.0 = Release|Any CPU
	EndGlobalSection
	GlobalSection(SolutionProperties) = preSolution
		HideSolutionNode = FALSE
	EndGlobalSection
	GlobalSection(ExtensibilityGlobals) = postSolution
		SolutionGuid = {01C1ACDA-D7BA-4809-ADDB-DE6D8C84E7A6}
	EndGlobalSection
EndGlobal
